{
  "nodes": {
    "nixpkgs": {
      "locked": {
        "lastModified": 1645575067,
        "narHash": "sha256-GoJYyj6eYv+NYODMj5ZHiunuRfj5dHsxBPafhjdZkDc=",
        "owner": "NixOS",
        "repo": "nixpkgs",
        "rev": "2b5c8147f5889b57f16de48015e18381ee65f63a",
        "type": "github"
      },
      "original": {
        "owner": "NixOS",
        "ref": "haskell-updates",
        "repo": "nixpkgs",
        "type": "github"
      }
    },
    "root": {
      "inputs": {
        "nixpkgs": "nixpkgs"
      }
    }
  },
  "root": "root",
  "version": 7
}
