# This file was autogenerated by Stack.
# You should not edit this file by hand.
# For more information, please see the documentation at:
#   https://docs.haskellstack.org/en/stable/lock_files

packages: []
snapshots:
- completed:
    sha256: cbae768d7cd535b298ba827c2d90f3ac11fa2e907ee7d30fd02d1f7b893f3b28
    size: 678857
    url: https://raw.githubusercontent.com/commercialhaskell/stackage-snapshots/master/nightly/2024/12/9.yaml
  original: nightly-2024-12-09
