# This file was autogenerated by Stack.
# You should not edit this file by hand.
# For more information, please see the documentation at:
#   https://docs.haskellstack.org/en/stable/topics/lock_files

packages: []
snapshots:
- completed:
    sha256: 8a0e9047c6a49dd72eaa2d04730f32b84ed534fe5842a538ed2c482150788c96
    size: 717827
    url: https://raw.githubusercontent.com/commercialhaskell/stackage-snapshots/master/nightly/2026/1/10.yaml
  original: nightly-2026-01-10
