# This file was autogenerated by Stack.
# You should not edit this file by hand.
# For more information, please see the documentation at:
#   https://docs.haskellstack.org/en/stable/lock_files

packages:
- completed:
    hackage: gi-vte-2.91.27@sha256:22faf2c2333ca2fe90780d44defcc7b095c619b72f27b90c9de1f5e2a960a5e3,3731
    pantry-tree:
      size: 356
      sha256: 2bfa50f6abba8feda2a8b5b1a36c589562d4f31ecc3c351239bdd3b4454c4458
  original:
    hackage: gi-vte-2.91.27@sha256:22faf2c2333ca2fe90780d44defcc7b095c619b72f27b90c9de1f5e2a960a5e3,3731
snapshots:
- completed:
    size: 586923
    url: https://raw.githubusercontent.com/commercialhaskell/stackage-snapshots/master/lts/18/9.yaml
    sha256: 9f9fe35c949414146840a985fb228fd397c504d1781b834bfc9ab935f4d27df6
  original: lts-18.9
