# This file was autogenerated by Stack.
# You should not edit this file by hand.
# For more information, please see the documentation at:
#   https://docs.haskellstack.org/en/stable/lock_files

packages: []
snapshots:
- completed:
    sha256: d3ba2e94c3ccbd3da4949243c83b59667c5eb9ffc7646148661c16741bbad1d4
    size: 643623
    url: https://raw.githubusercontent.com/commercialhaskell/stackage-snapshots/master/nightly/2022/10/11.yaml
  original: nightly-2022-10-11
