# This file was autogenerated by Stack.
# You should not edit this file by hand.
# For more information, please see the documentation at:
#   https://docs.haskellstack.org/en/stable/lock_files

packages: []
snapshots:
- completed:
    sha256: 00f925a9777b4315ee11d05b2dbed5b37296d3635bbeb3afd10d06a4b4504b02
    size: 683836
    url: https://raw.githubusercontent.com/commercialhaskell/stackage-snapshots/master/lts/23/20.yaml
  original: lts-23.20
